
Microsoft Visual Studio Solution File, Format Version 12.00
# Visual Studio Version 17
VisualStudioVersion = 17.1.32210.238
MinimumVisualStudioVersion = 10.0.40219.1
Project("{9A19103F-16F7-4668-BE54-9A1E7A4F7556}") = "Multitenant.API", "EF.Core.Multitenant\Multitenant.API.csproj", "{1E8CB98C-EDDF-4E59-A8CF-F2C8A27DEE7D}"
EndProject
Project("{9A19103F-16F7-4668-BE54-9A1E7A4F7556}") = "Multitenant.Domain", "Multitenant.Domain\Multitenant.Domain.csproj", "{3393E4F2-6768-4BBE-A27F-C1FDDC438E48}"
EndProject
Project("{FAE04EC0-301F-11D3-BF4B-00C04F79EFBC}") = "Multitenant.Infraestructure", "Multitenant.Infraestructure\Multitenant.Infraestructure.csproj", "{BCDA773D-376C-464D-A094-6AE226962D6C}"
EndProject
Global
	GlobalSection(SolutionConfigurationPlatforms) = preSolution
		Debug|Any CPU = Debug|Any CPU
		Release|Any CPU = Release|Any CPU
	EndGlobalSection
	GlobalSection(ProjectConfigurationPlatforms) = postSolution
		{1E8CB98C-EDDF-4E59-A8CF-F2C8A27DEE7D}.Debug|Any CPU.ActiveCfg = Debug|Any CPU
		{1E8CB98C-EDDF-4E59-A8CF-F2C8A27DEE7D}.Debug|Any CPU.Build.0 = Debug|Any CPU
		{1E8CB98C-EDDF-4E59-A8CF-F2C8A27DEE7D}.Release|Any CPU.ActiveCfg = Release|Any CPU
		{1E8CB98C-EDDF-4E59-A8CF-F2C8A27DEE7D}.Release|Any CPU.Build.0 = Release|Any CPU
		{3393E4F2-6768-4BBE-A27F-C1FDDC438E48}.Debug|Any CPU.ActiveCfg = Debug|Any CPU
		{3393E4F2-6768-4BBE-A27F-C1FDDC438E48}.Debug|Any CPU.Build.0 = Debug|Any CPU
		{3393E4F2-6768-4BBE-A27F-C1FDDC438E48}.Release|Any CPU.ActiveCfg = Release|Any CPU
		{3393E4F2-6768-4BBE-A27F-C1FDDC438E48}.Release|Any CPU.Build.0 = Release|Any CPU
		{BCDA773D-376C-464D-A094-6AE226962D6C}.Debug|Any CPU.ActiveCfg = Debug|Any CPU
		{BCDA773D-376C-464D-A094-6AE226962D6C}.Debug|Any CPU.Build.0 = Debug|Any CPU
		{BCDA773D-376C-464D-A094-6AE226962D6C}.Release|Any CPU.ActiveCfg = Release|Any CPU
		{BCDA773D-376C-464D-A094-6AE226962D6C}.Release|Any CPU.Build.0 = Release|Any CPU
	EndGlobalSection
	GlobalSection(SolutionProperties) = preSolution
		HideSolutionNode = FALSE
	EndGlobalSection
	GlobalSection(ExtensibilityGlobals) = postSolution
		SolutionGuid = {A8D475DC-062E-4C63-8EE4-962F6A8A1D30}
	EndGlobalSection
EndGlobal
